// !$*UTF8*$!
{
	archiveVersion = 1;
	classes = {
	};
	objectVersion = 50;
	objects = {

/* Begin PBXBuildFile section */
		AEC564232644CA78000B22B1 /* TextExpanderStatus.swift in Sources */ = {isa = PBXBuildFile; fileRef = AEC564222644CA78000B22B1 /* TextExpanderStatus.swift */; };
		AEDC49BA264051590036FDA7 /* ExpandableTextViewApp.swift in Sources */ = {isa = PBXBuildFile; fileRef = AEDC49B9264051590036FDA7 /* ExpandableTextViewApp.swift */; };
		AEDC49BC264051590036FDA7 /* ContentView.swift in Sources */ = {isa = PBXBuildFile; fileRef = AEDC49BB264051590036FDA7 /* ContentView.swift */; };
		AEDC49BE2640515A0036FDA7 /* Assets.xcassets in Resources */ = {isa = PBXBuildFile; fileRef = AEDC49BD2640515A0036FDA7 /* Assets.xcassets */; };
		AEDC49C12640515A0036FDA7 /* Preview Assets.xcassets in Resources */ = {isa = PBXBuildFile; fileRef = AEDC49C02640515A0036FDA7 /* Preview Assets.xcassets */; };
		AEDC49CB264059850036FDA7 /* ExpandableTextView.swift in Sources */ = {isa = PBXBuildFile; fileRef = AEDC49CA264059850036FDA7 /* ExpandableTextView.swift */; };
/* End PBXBuildFile section */

/* Begin PBXCopyFilesBuildPhase section */
		AE26626C2640E4DC00352082 /* Embed Frameworks */ = {
			isa = PBXCopyFilesBuildPhase;
			buildActionMask = 2147483647;
			dstPath = "";
			dstSubfolderSpec = 10;
			files = (
			);
			name = "Embed Frameworks";
			runOnlyForDeploymentPostprocessing = 0;
		};
/* End PBXCopyFilesBuildPhase section */

/* Begin PBXFileReference section */
		AEC564222644CA78000B22B1 /* TextExpanderStatus.swift */ = {isa = PBXFileReference; lastKnownFileType = sourcecode.swift; path = TextExpanderStatus.swift; sourceTree = "<group>"; };
		AEDC49B6264051590036FDA7 /* ExpandableTextView.app */ = {isa = PBXFileReference; explicitFileType = wrapper.application; includeInIndex = 0; path = ExpandableTextView.app; sourceTree = BUILT_PRODUCTS_DIR; };
		AEDC49B9264051590036FDA7 /* ExpandableTextViewApp.swift */ = {isa = PBXFileReference; lastKnownFileType = sourcecode.swift; path = ExpandableTextViewApp.swift; sourceTree = "<group>"; };
		AEDC49BB264051590036FDA7 /* ContentView.swift */ = {isa = PBXFileReference; lastKnownFileType = sourcecode.swift; path = ContentView.swift; sourceTree = "<group>"; };
		AEDC49BD2640515A0036FDA7 /* Assets.xcassets */ = {isa = PBXFileReference; lastKnownFileType = folder.assetcatalog; path = Assets.xcassets; sourceTree = "<group>"; };
		AEDC49C02640515A0036FDA7 /* Preview Assets.xcassets */ = {isa = PBXFileReference; lastKnownFileType = folder.assetcatalog; path = "Preview Assets.xcassets"; sourceTree = "<group>"; };
		AEDC49C22640515A0036FDA7 /* Info.plist */ = {isa = PBXFileReference; lastKnownFileType = text.plist.xml; path = Info.plist; sourceTree = "<group>"; };
		AEDC49CA264059850036FDA7 /* ExpandableTextView.swift */ = {isa = PBXFileReference; lastKnownFileType = sourcecode.swift; path = ExpandableTextView.swift; sourceTree = "<group>"; };
/* End PBXFileReference section */

/* Begin PBXFrameworksBuildPhase section */
		AEDC49B3264051590036FDA7 /* Frameworks */ = {
			isa = PBXFrameworksBuildPhase;
			buildActionMask = 2147483647;
			files = (
			);
			runOnlyForDeploymentPostprocessing = 0;
		};
/* End PBXFrameworksBuildPhase section */

/* Begin PBXGroup section */
		AEDC49AD264051590036FDA7 = {
			isa = PBXGroup;
			children = (
				AEDC49B8264051590036FDA7 /* ExpandableTextView */,
				AEDC49B7264051590036FDA7 /* Products */,
			);
			sourceTree = "<group>";
		};
		AEDC49B7264051590036FDA7 /* Products */ = {
			isa = PBXGroup;
			children = (
				AEDC49B6264051590036FDA7 /* ExpandableTextView.app */,
			);
			name = Products;
			sourceTree = "<group>";
		};
		AEDC49B8264051590036FDA7 /* ExpandableTextView */ = {
			isa = PBXGroup;
			children = (
				AEDC49B9264051590036FDA7 /* ExpandableTextViewApp.swift */,
				AEDC49BB264051590036FDA7 /* ContentView.swift */,
				AEDC49CA264059850036FDA7 /* ExpandableTextView.swift */,
				AEC564222644CA78000B22B1 /* TextExpanderStatus.swift */,
				AEDC49C22640515A0036FDA7 /* Info.plist */,
				AEDC49BD2640515A0036FDA7 /* Assets.xcassets */,
				AEDC49BF2640515A0036FDA7 /* Preview Content */,
			);
			path = ExpandableTextView;
			sourceTree = "<group>";
		};
		AEDC49BF2640515A0036FDA7 /* Preview Content */ = {
			isa = PBXGroup;
			children = (
				AEDC49C02640515A0036FDA7 /* Preview Assets.xcassets */,
			);
			path = "Preview Content";
			sourceTree = "<group>";
		};
/* End PBXGroup section */

/* Begin PBXNativeTarget section */
		AEDC49B5264051590036FDA7 /* ExpandableTextView */ = {
			isa = PBXNativeTarget;
			buildConfigurationList = AEDC49C52640515A0036FDA7 /* Build configuration list for PBXNativeTarget "ExpandableTextView" */;
			buildPhases = (
				AEDC49B2264051590036FDA7 /* Sources */,
				AEDC49B3264051590036FDA7 /* Frameworks */,
				AEDC49B4264051590036FDA7 /* Resources */,
				AE26626C2640E4DC00352082 /* Embed Frameworks */,
			);
			buildRules = (
			);
			dependencies = (
			);
			name = ExpandableTextView;
			productName = ExpandableTextView;
			productReference = AEDC49B6264051590036FDA7 /* ExpandableTextView.app */;
			productType = "com.apple.product-type.application";
		};
/* End PBXNativeTarget section */

/* Begin PBXProject section */
		AEDC49AE264051590036FDA7 /* Project object */ = {
			isa = PBXProject;
			attributes = {
				LastSwiftUpdateCheck = 1240;
				LastUpgradeCheck = 1240;
				TargetAttributes = {
					AEDC49B5264051590036FDA7 = {
						CreatedOnToolsVersion = 12.4;
					};
				};
			};
			buildConfigurationList = AEDC49B1264051590036FDA7 /* Build configuration list for PBXProject "ExpandableTextView" */;
			compatibilityVersion = "Xcode 9.3";
			developmentRegion = en;
			hasScannedForEncodings = 0;
			knownRegions = (
				en,
				Base,
			);
			mainGroup = AEDC49AD264051590036FDA7;
			productRefGroup = AEDC49B7264051590036FDA7 /* Products */;
			projectDirPath = "";
			projectRoot = "";
			targets = (
				AEDC49B5264051590036FDA7 /* ExpandableTextView */,
			);
		};
/* End PBXProject section */

/* Begin PBXResourcesBuildPhase section */
		AEDC49B4264051590036FDA7 /* Resources */ = {
			isa = PBXResourcesBuildPhase;
			buildActionMask = 2147483647;
			files = (
				AEDC49C12640515A0036FDA7 /* Preview Assets.xcassets in Resources */,
				AEDC49BE2640515A0036FDA7 /* Assets.xcassets in Resources */,
			);
			runOnlyForDeploymentPostprocessing = 0;
		};
/* End PBXResourcesBuildPhase section */

/* Begin PBXSourcesBuildPhase section */
		AEDC49B2264051590036FDA7 /* Sources */ = {
			isa = PBXSourcesBuildPhase;
			buildActionMask = 2147483647;
			files = (
				AEDC49BC264051590036FDA7 /* ContentView.swift in Sources */,
				AEDC49CB264059850036FDA7 /* ExpandableTextView.swift in Sources */,
				AEDC49BA264051590036FDA7 /* ExpandableTextViewApp.swift in Sources */,
				AEC564232644CA78000B22B1 /* TextExpanderStatus.swift in Sources */,
			);
			runOnlyForDeploymentPostprocessing = 0;
		};
/* End PBXSourcesBuildPhase section */

/* Begin XCBuildConfiguration section */
		AEDC49C32640515A0036FDA7 /* Debug */ = {
			isa = XCBuildConfiguration;
			buildSettings = {
				ALWAYS_SEARCH_USER_PATHS = NO;
				CLANG_ANALYZER_NONNULL = YES;
				CLANG_ANALYZER_NUMBER_OBJECT_CONVERSION = YES_AGGRESSIVE;
				CLANG_CXX_LANGUAGE_STANDARD = "gnu++14";
				CLANG_CXX_LIBRARY = "libc++";
				CLANG_ENABLE_MODULES = YES;
				CLANG_ENABLE_OBJC_ARC = YES;
				CLANG_ENABLE_OBJC_WEAK = YES;
				CLANG_WARN_BLOCK_CAPTURE_AUTORELEASING = YES;
				CLANG_WARN_BOOL_CONVERSION = YES;
				CLANG_WARN_COMMA = YES;
				CLANG_WARN_CONSTANT_CONVERSION = YES;
				CLANG_WARN_DEPRECATED_OBJC_IMPLEMENTATIONS = YES;
				CLANG_WARN_DIRECT_OBJC_ISA_USAGE = YES_ERROR;
				CLANG_WARN_DOCUMENTATION_COMMENTS = YES;
				CLANG_WARN_EMPTY_BODY = YES;
				CLANG_WARN_ENUM_CONVERSION = YES;
				CLANG_WARN_INFINITE_RECURSION = YES;
				CLANG_WARN_INT_CONVERSION = YES;
				CLANG_WARN_NON_LITERAL_NULL_CONVERSION = YES;
				CLANG_WARN_OBJC_IMPLICIT_RETAIN_SELF = YES;
				CLANG_WARN_OBJC_LITERAL_CONVERSION = YES;
				CLANG_WARN_OBJC_ROOT_CLASS = YES_ERROR;
				CLANG_WARN_QUOTED_INCLUDE_IN_FRAMEWORK_HEADER = YES;
				CLANG_WARN_RANGE_LOOP_ANALYSIS = YES;
				CLANG_WARN_STRICT_PROTOTYPES = YES;
				CLANG_WARN_SUSPICIOUS_MOVE = YES;
				CLANG_WARN_UNGUARDED_AVAILABILITY = YES_AGGRESSIVE;
				CLANG_WARN_UNREACHABLE_CODE = YES;
				CLANG_WARN__DUPLICATE_METHOD_MATCH = YES;
				COPY_PHASE_STRIP = NO;
				DEBUG_INFORMATION_FORMAT = dwarf;
				ENABLE_STRICT_OBJC_MSGSEND = YES;
				ENABLE_TESTABILITY = YES;
				GCC_C_LANGUAGE_STANDARD = gnu11;
				GCC_DYNAMIC_NO_PIC = NO;
				GCC_NO_COMMON_BLOCKS = YES;
				GCC_OPTIMIZATION_LEVEL = 0;
				GCC_PREPROCESSOR_DEFINITIONS = (
					"DEBUG=1",
					"$(inherited)",
				);
				GCC_WARN_64_TO_32_BIT_CONVERSION = YES;
				GCC_WARN_ABOUT_RETURN_TYPE = YES_ERROR;
				GCC_WARN_UNDECLARED_SELECTOR = YES;
				GCC_WARN_UNINITIALIZED_AUTOS = YES_AGGRESSIVE;
				GCC_WARN_UNUSED_FUNCTION = YES;
				GCC_WARN_UNUSED_VARIABLE = YES;
				IPHONEOS_DEPLOYMENT_TARGET = 14.4;
				MTL_ENABLE_DEBUG_INFO = INCLUDE_SOURCE;
				MTL_FAST_MATH = YES;
				ONLY_ACTIVE_ARCH = YES;
				SDKROOT = iphoneos;
				SWIFT_ACTIVE_COMPILATION_CONDITIONS = DEBUG;
				SWIFT_OPTIMIZATION_LEVEL = "-Onone";
			};
			name = Debug;
		};
		AEDC49C42640515A0036FDA7 /* Release */ = {
			isa = XCBuildConfiguration;
			buildSettings = {
				ALWAYS_SEARCH_USER_PATHS = NO;
				CLANG_ANALYZER_NONNULL = YES;
				CLANG_ANALYZER_NUMBER_OBJECT_CONVERSION = YES_AGGRESSIVE;
				CLANG_CXX_LANGUAGE_STANDARD = "gnu++14";
				CLANG_CXX_LIBRARY = "libc++";
				CLANG_ENABLE_MODULES = YES;
				CLANG_ENABLE_OBJC_ARC = YES;
				CLANG_ENABLE_OBJC_WEAK = YES;
				CLANG_WARN_BLOCK_CAPTURE_AUTORELEASING = YES;
				CLANG_WARN_BOOL_CONVERSION = YES;
				CLANG_WARN_COMMA = YES;
				CLANG_WARN_CONSTANT_CONVERSION = YES;
				CLANG_WARN_DEPRECATED_OBJC_IMPLEMENTATIONS = YES;
				CLANG_WARN_DIRECT_OBJC_ISA_USAGE = YES_ERROR;
				CLANG_WARN_DOCUMENTATION_COMMENTS = YES;
				CLANG_WARN_EMPTY_BODY = YES;
				CLANG_WARN_ENUM_CONVERSION = YES;
				CLANG_WARN_INFINITE_RECURSION = YES;
				CLANG_WARN_INT_CONVERSION = YES;
				CLANG_WARN_NON_LITERAL_NULL_CONVERSION = YES;
				CLANG_WARN_OBJC_IMPLICIT_RETAIN_SELF = YES;
				CLANG_WARN_OBJC_LITERAL_CONVERSION = YES;
				CLANG_WARN_OBJC_ROOT_CLASS = YES_ERROR;
				CLANG_WARN_QUOTED_INCLUDE_IN_FRAMEWORK_HEADER = YES;
				CLANG_WARN_RANGE_LOOP_ANALYSIS = YES;
				CLANG_WARN_STRICT_PROTOTYPES = YES;
				CLANG_WARN_SUSPICIOUS_MOVE = YES;
				CLANG_WARN_UNGUARDED_AVAILABILITY = YES_AGGRESSIVE;
				CLANG_WARN_UNREACHABLE_CODE = YES;
				CLANG_WARN__DUPLICATE_METHOD_MATCH = YES;
				COPY_PHASE_STRIP = NO;
				DEBUG_INFORMATION_FORMAT = "dwarf-with-dsym";
				ENABLE_NS_ASSERTIONS = NO;
				ENABLE_STRICT_OBJC_MSGSEND = YES;
				GCC_C_LANGUAGE_STANDARD = gnu11;
				GCC_NO_COMMON_BLOCKS = YES;
				GCC_WARN_64_TO_32_BIT_CONVERSION = YES;
				GCC_WARN_ABOUT_RETURN_TYPE = YES_ERROR;
				GCC_WARN_UNDECLARED_SELECTOR = YES;
				GCC_WARN_UNINITIALIZED_AUTOS = YES_AGGRESSIVE;
				GCC_WARN_UNUSED_FUNCTION = YES;
				GCC_WARN_UNUSED_VARIABLE = YES;
				IPHONEOS_DEPLOYMENT_TARGET = 14.4;
				MTL_ENABLE_DEBUG_INFO = NO;
				MTL_FAST_MATH = YES;
				SDKROOT = iphoneos;
				SWIFT_COMPILATION_MODE = wholemodule;
				SWIFT_OPTIMIZATION_LEVEL = "-O";
				VALIDATE_PRODUCT = YES;
			};
			name = Release;
		};
		AEDC49C62640515A0036FDA7 /* Debug */ = {
			isa = XCBuildConfiguration;
			buildSettings = {
				ASSETCATALOG_COMPILER_APPICON_NAME = AppIcon;
				ASSETCATALOG_COMPILER_GLOBAL_ACCENT_COLOR_NAME = AccentColor;
				CODE_SIGN_STYLE = Automatic;
				DEVELOPMENT_ASSET_PATHS = "\"ExpandableTextView/Preview Content\"";
				DEVELOPMENT_TEAM = L983F69L7E;
				ENABLE_PREVIEWS = YES;
				INFOPLIST_FILE = ExpandableTextView/Info.plist;
				IPHONEOS_DEPLOYMENT_TARGET = 14.0;
				LD_RUNPATH_SEARCH_PATHS = (
					"$(inherited)",
					"@executable_path/Frameworks",
				);
				PRODUCT_BUNDLE_IDENTIFIER = smile.ExpandableTextView;
				PRODUCT_NAME = "$(TARGET_NAME)";
				SWIFT_VERSION = 5.0;
				TARGETED_DEVICE_FAMILY = "1,2";
			};
			name = Debug;
		};
		AEDC49C72640515A0036FDA7 /* Release */ = {
			isa = XCBuildConfiguration;
			buildSettings = {
				ASSETCATALOG_COMPILER_APPICON_NAME = AppIcon;
				ASSETCATALOG_COMPILER_GLOBAL_ACCENT_COLOR_NAME = AccentColor;
				CODE_SIGN_STYLE = Automatic;
				DEVELOPMENT_ASSET_PATHS = "\"ExpandableTextView/Preview Content\"";
				DEVELOPMENT_TEAM = L983F69L7E;
				ENABLE_PREVIEWS = YES;
				INFOPLIST_FILE = ExpandableTextView/Info.plist;
				IPHONEOS_DEPLOYMENT_TARGET = 14.0;
				LD_RUNPATH_SEARCH_PATHS = (
					"$(inherited)",
					"@executable_path/Frameworks",
				);
				PRODUCT_BUNDLE_IDENTIFIER = smile.ExpandableTextView;
				PRODUCT_NAME = "$(TARGET_NAME)";
				SWIFT_VERSION = 5.0;
				TARGETED_DEVICE_FAMILY = "1,2";
			};
			name = Release;
		};
/* End XCBuildConfiguration section */

/* Begin XCConfigurationList section */
		AEDC49B1264051590036FDA7 /* Build configuration list for PBXProject "ExpandableTextView" */ = {
			isa = XCConfigurationList;
			buildConfigurations = (
				AEDC49C32640515A0036FDA7 /* Debug */,
				AEDC49C42640515A0036FDA7 /* Release */,
			);
			defaultConfigurationIsVisible = 0;
			defaultConfigurationName = Release;
		};
		AEDC49C52640515A0036FDA7 /* Build configuration list for PBXNativeTarget "ExpandableTextView" */ = {
			isa = XCConfigurationList;
			buildConfigurations = (
				AEDC49C62640515A0036FDA7 /* Debug */,
				AEDC49C72640515A0036FDA7 /* Release */,
			);
			defaultConfigurationIsVisible = 0;
			defaultConfigurationName = Release;
		};
/* End XCConfigurationList section */
	};
	rootObject = AEDC49AE264051590036FDA7 /* Project object */;
}
